
Microsoft Visual Studio Solution File, Format Version 12.00
# Visual Studio 2015
Project("{FAE04EC0-301F-11D3-BF4B-00C04F79EFBC}") = "Juice", "Juice.csproj", "{8D9E9616-97C8-9A6E-864D-9580E531F0F2}"
EndProject
Project("{FAE04EC0-301F-11D3-BF4B-00C04F79EFBC}") = "Juice.Editor", "Juice.Editor.csproj", "{92DEF43E-793E-7C7F-34B6-34E67A5B06B4}"
EndProject
Global
	GlobalSection(SolutionConfigurationPlatforms) = preSolution
		Debug|Any CPU = Debug|Any CPU
		Release|Any CPU = Release|Any CPU
	EndGlobalSection
	GlobalSection(ProjectConfigurationPlatforms) = postSolution
		{8D9E9616-97C8-9A6E-864D-9580E531F0F2}.Debug|Any CPU.ActiveCfg = Debug|Any CPU
		{8D9E9616-97C8-9A6E-864D-9580E531F0F2}.Debug|Any CPU.Build.0 = Debug|Any CPU
		{8D9E9616-97C8-9A6E-864D-9580E531F0F2}.Release|Any CPU.ActiveCfg = Release|Any CPU
		{8D9E9616-97C8-9A6E-864D-9580E531F0F2}.Release|Any CPU.Build.0 = Release|Any CPU
		{92DEF43E-793E-7C7F-34B6-34E67A5B06B4}.Debug|Any CPU.ActiveCfg = Debug|Any CPU
		{92DEF43E-793E-7C7F-34B6-34E67A5B06B4}.Debug|Any CPU.Build.0 = Debug|Any CPU
		{92DEF43E-793E-7C7F-34B6-34E67A5B06B4}.Release|Any CPU.ActiveCfg = Release|Any CPU
		{92DEF43E-793E-7C7F-34B6-34E67A5B06B4}.Release|Any CPU.Build.0 = Release|Any CPU
	EndGlobalSection
	GlobalSection(SolutionProperties) = preSolution
		HideSolutionNode = FALSE
	EndGlobalSection
EndGlobal
